
Microsoft Visual Studio Solution File, Format Version 12.00
# Visual Studio Version 17
VisualStudioVersion = 17.12.35707.178 d17.12
MinimumVisualStudioVersion = 10.0.40219.1
Project("{FAE04EC0-301F-11D3-BF4B-00C04F79EFBC}") = "COMMON", "COMMON\COMMON.csproj", "{14F388A5-A8A6-46C1-A891-DBCB2DE89CE7}"
EndProject
Project("{FAE04EC0-301F-11D3-BF4B-00C04F79EFBC}") = "DAL", "DAL\DAL.csproj", "{15D3F675-C3D4-4953-8909-9B2F219D0BD2}"
EndProject
Project("{FAE04EC0-301F-11D3-BF4B-00C04F79EFBC}") = "BIZ", "BIZ\BIZ.csproj", "{B6CC785F-49A8-44A1-9092-172A866A3F1F}"
EndProject
Global
	GlobalSection(SolutionConfigurationPlatforms) = preSolution
		Debug|Any CPU = Debug|Any CPU
		Release|Any CPU = Release|Any CPU
	EndGlobalSection
	GlobalSection(ProjectConfigurationPlatforms) = postSolution
		{14F388A5-A8A6-46C1-A891-DBCB2DE89CE7}.Debug|Any CPU.ActiveCfg = Debug|Any CPU
		{14F388A5-A8A6-46C1-A891-DBCB2DE89CE7}.Debug|Any CPU.Build.0 = Debug|Any CPU
		{14F388A5-A8A6-46C1-A891-DBCB2DE89CE7}.Release|Any CPU.ActiveCfg = Release|Any CPU
		{14F388A5-A8A6-46C1-A891-DBCB2DE89CE7}.Release|Any CPU.Build.0 = Release|Any CPU
		{15D3F675-C3D4-4953-8909-9B2F219D0BD2}.Debug|Any CPU.ActiveCfg = Debug|Any CPU
		{15D3F675-C3D4-4953-8909-9B2F219D0BD2}.Debug|Any CPU.Build.0 = Debug|Any CPU
		{15D3F675-C3D4-4953-8909-9B2F219D0BD2}.Release|Any CPU.ActiveCfg = Release|Any CPU
		{15D3F675-C3D4-4953-8909-9B2F219D0BD2}.Release|Any CPU.Build.0 = Release|Any CPU
		{B6CC785F-49A8-44A1-9092-172A866A3F1F}.Debug|Any CPU.ActiveCfg = Debug|Any CPU
		{B6CC785F-49A8-44A1-9092-172A866A3F1F}.Debug|Any CPU.Build.0 = Debug|Any CPU
		{B6CC785F-49A8-44A1-9092-172A866A3F1F}.Release|Any CPU.ActiveCfg = Release|Any CPU
		{B6CC785F-49A8-44A1-9092-172A866A3F1F}.Release|Any CPU.Build.0 = Release|Any CPU
	EndGlobalSection
	GlobalSection(SolutionProperties) = preSolution
		HideSolutionNode = FALSE
	EndGlobalSection
EndGlobal
