
Microsoft Visual Studio Solution File, Format Version 12.00
# Visual Studio Version 17
VisualStudioVersion = 17.12.35707.178
MinimumVisualStudioVersion = 10.0.40219.1
Project("{FAE04EC0-301F-11D3-BF4B-00C04F79EFBC}") = "COMMON", "COMMON\COMMON.csproj", "{14F388A5-A8A6-46C1-A891-DBCB2DE89CE7}"
EndProject
Project("{FAE04EC0-301F-11D3-BF4B-00C04F79EFBC}") = "DAL", "DAL\DAL.csproj", "{15D3F675-C3D4-4953-8909-9B2F219D0BD2}"
EndProject
Project("{FAE04EC0-301F-11D3-BF4B-00C04F79EFBC}") = "BIZ", "BIZ\BIZ.csproj", "{B6CC785F-49A8-44A1-9092-172A866A3F1F}"
EndProject
Project("{FAE04EC0-301F-11D3-BF4B-00C04F79EFBC}") = "WebApi", "WebApi\WebApi.csproj", "{0126E253-12E4-419D-B503-7FEC7D718A11}"
EndProject
Project("{FAE04EC0-301F-11D3-BF4B-00C04F79EFBC}") = "ProyectoWeb", "ProyectoWeb\ProyectoWeb.csproj", "{0075119A-0B4F-436C-8EB0-7FBA294F9E18}"
EndProject
Project("{FAE04EC0-301F-11D3-BF4B-00C04F79EFBC}") = "NabiaNailsMaui", "NabiaNailsMaui\NabiaNailsMaui.csproj", "{455F021E-E9C3-4194-A93B-9D26819B8ADF}"
EndProject
Global
	GlobalSection(SolutionConfigurationPlatforms) = preSolution
		Debug|Any CPU = Debug|Any CPU
		Release|Any CPU = Release|Any CPU
	EndGlobalSection
	GlobalSection(ProjectConfigurationPlatforms) = postSolution
		{14F388A5-A8A6-46C1-A891-DBCB2DE89CE7}.Debug|Any CPU.ActiveCfg = Debug|Any CPU
		{14F388A5-A8A6-46C1-A891-DBCB2DE89CE7}.Debug|Any CPU.Build.0 = Debug|Any CPU
		{14F388A5-A8A6-46C1-A891-DBCB2DE89CE7}.Release|Any CPU.ActiveCfg = Release|Any CPU
		{14F388A5-A8A6-46C1-A891-DBCB2DE89CE7}.Release|Any CPU.Build.0 = Release|Any CPU
		{15D3F675-C3D4-4953-8909-9B2F219D0BD2}.Debug|Any CPU.ActiveCfg = Debug|Any CPU
		{15D3F675-C3D4-4953-8909-9B2F219D0BD2}.Debug|Any CPU.Build.0 = Debug|Any CPU
		{15D3F675-C3D4-4953-8909-9B2F219D0BD2}.Release|Any CPU.ActiveCfg = Release|Any CPU
		{15D3F675-C3D4-4953-8909-9B2F219D0BD2}.Release|Any CPU.Build.0 = Release|Any CPU
		{B6CC785F-49A8-44A1-9092-172A866A3F1F}.Debug|Any CPU.ActiveCfg = Debug|Any CPU
		{B6CC785F-49A8-44A1-9092-172A866A3F1F}.Debug|Any CPU.Build.0 = Debug|Any CPU
		{B6CC785F-49A8-44A1-9092-172A866A3F1F}.Release|Any CPU.ActiveCfg = Release|Any CPU
		{B6CC785F-49A8-44A1-9092-172A866A3F1F}.Release|Any CPU.Build.0 = Release|Any CPU
		{0126E253-12E4-419D-B503-7FEC7D718A11}.Debug|Any CPU.ActiveCfg = Debug|Any CPU
		{0126E253-12E4-419D-B503-7FEC7D718A11}.Debug|Any CPU.Build.0 = Debug|Any CPU
		{0126E253-12E4-419D-B503-7FEC7D718A11}.Release|Any CPU.ActiveCfg = Release|Any CPU
		{0126E253-12E4-419D-B503-7FEC7D718A11}.Release|Any CPU.Build.0 = Release|Any CPU
		{0075119A-0B4F-436C-8EB0-7FBA294F9E18}.Debug|Any CPU.ActiveCfg = Debug|Any CPU
		{0075119A-0B4F-436C-8EB0-7FBA294F9E18}.Debug|Any CPU.Build.0 = Debug|Any CPU
		{0075119A-0B4F-436C-8EB0-7FBA294F9E18}.Release|Any CPU.ActiveCfg = Release|Any CPU
		{0075119A-0B4F-436C-8EB0-7FBA294F9E18}.Release|Any CPU.Build.0 = Release|Any CPU
		{455F021E-E9C3-4194-A93B-9D26819B8ADF}.Debug|Any CPU.ActiveCfg = Debug|Any CPU
		{455F021E-E9C3-4194-A93B-9D26819B8ADF}.Debug|Any CPU.Build.0 = Debug|Any CPU
		{455F021E-E9C3-4194-A93B-9D26819B8ADF}.Debug|Any CPU.Deploy.0 = Debug|Any CPU
		{455F021E-E9C3-4194-A93B-9D26819B8ADF}.Release|Any CPU.ActiveCfg = Release|Any CPU
		{455F021E-E9C3-4194-A93B-9D26819B8ADF}.Release|Any CPU.Build.0 = Release|Any CPU
		{455F021E-E9C3-4194-A93B-9D26819B8ADF}.Release|Any CPU.Deploy.0 = Release|Any CPU
	EndGlobalSection
	GlobalSection(SolutionProperties) = preSolution
		HideSolutionNode = FALSE
	EndGlobalSection
EndGlobal
